
Microsoft Visual Studio Solution File, Format Version 12.00
# Visual Studio Version 16
VisualStudioVersion = 16.0.30907.101
MinimumVisualStudioVersion = 10.0.40219.1
Project("{FAE04EC0-301F-11D3-BF4B-00C04F79EFBC}") = "GUI", "QuanLyBanHang\GUI.csproj", "{24659137-9462-4333-9119-70AE12E7ACA3}"
EndProject
Project("{FAE04EC0-301F-11D3-BF4B-00C04F79EFBC}") = "DAO", "DAO\DAO.csproj", "{844F4850-8B31-4228-9CA8-A63328338F13}"
EndProject
Project("{FAE04EC0-301F-11D3-BF4B-00C04F79EFBC}") = "DTO", "DTO\DTO.csproj", "{3E23DBC0-A752-4BE1-A151-E16F2E0F9907}"
EndProject
Project("{FAE04EC0-301F-11D3-BF4B-00C04F79EFBC}") = "BUS", "BUS\BUS.csproj", "{ACCDA8D0-FF8F-47D8-AFA8-9F2270834B48}"
EndProject
Global
	GlobalSection(SolutionConfigurationPlatforms) = preSolution
		Debug|Any CPU = Debug|Any CPU
		Release|Any CPU = Release|Any CPU
	EndGlobalSection
	GlobalSection(ProjectConfigurationPlatforms) = postSolution
		{24659137-9462-4333-9119-70AE12E7ACA3}.Debug|Any CPU.ActiveCfg = Debug|Any CPU
		{24659137-9462-4333-9119-70AE12E7ACA3}.Debug|Any CPU.Build.0 = Debug|Any CPU
		{24659137-9462-4333-9119-70AE12E7ACA3}.Release|Any CPU.ActiveCfg = Release|Any CPU
		{24659137-9462-4333-9119-70AE12E7ACA3}.Release|Any CPU.Build.0 = Release|Any CPU
		{844F4850-8B31-4228-9CA8-A63328338F13}.Debug|Any CPU.ActiveCfg = Debug|Any CPU
		{844F4850-8B31-4228-9CA8-A63328338F13}.Debug|Any CPU.Build.0 = Debug|Any CPU
		{844F4850-8B31-4228-9CA8-A63328338F13}.Release|Any CPU.ActiveCfg = Release|Any CPU
		{844F4850-8B31-4228-9CA8-A63328338F13}.Release|Any CPU.Build.0 = Release|Any CPU
		{3E23DBC0-A752-4BE1-A151-E16F2E0F9907}.Debug|Any CPU.ActiveCfg = Debug|Any CPU
		{3E23DBC0-A752-4BE1-A151-E16F2E0F9907}.Debug|Any CPU.Build.0 = Debug|Any CPU
		{3E23DBC0-A752-4BE1-A151-E16F2E0F9907}.Release|Any CPU.ActiveCfg = Release|Any CPU
		{3E23DBC0-A752-4BE1-A151-E16F2E0F9907}.Release|Any CPU.Build.0 = Release|Any CPU
		{ACCDA8D0-FF8F-47D8-AFA8-9F2270834B48}.Debug|Any CPU.ActiveCfg = Debug|Any CPU
		{ACCDA8D0-FF8F-47D8-AFA8-9F2270834B48}.Debug|Any CPU.Build.0 = Debug|Any CPU
		{ACCDA8D0-FF8F-47D8-AFA8-9F2270834B48}.Release|Any CPU.ActiveCfg = Release|Any CPU
		{ACCDA8D0-FF8F-47D8-AFA8-9F2270834B48}.Release|Any CPU.Build.0 = Release|Any CPU
	EndGlobalSection
	GlobalSection(SolutionProperties) = preSolution
		HideSolutionNode = FALSE
	EndGlobalSection
	GlobalSection(ExtensibilityGlobals) = postSolution
		SolutionGuid = {BBE45A91-BCD6-42CC-A2E7-85A803AB2D63}
	EndGlobalSection
EndGlobal
